
Microsoft Visual Studio Solution File, Format Version 12.00
# Visual Studio Version 17
VisualStudioVersion = 17.13.35919.96
MinimumVisualStudioVersion = 10.0.40219.1
Project("{2150E333-8FDC-42A3-9474-1A3956D46DE8}") = "Src", "Src", "{02EA681E-C7D8-13C7-8484-4AC65E1B71E8}"
EndProject
Project("{2150E333-8FDC-42A3-9474-1A3956D46DE8}") = "Core", "Core", "{CE433F85-191B-46E8-A325-4D1C7F1FB21C}"
EndProject
Project("{FAE04EC0-301F-11D3-BF4B-00C04F79EFBC}") = "Domain", "Domain\Domain.csproj", "{D6D4CE14-B9F5-4613-A83C-4FDC89E004E1}"
EndProject
Project("{FAE04EC0-301F-11D3-BF4B-00C04F79EFBC}") = "Application", "Application\Application.csproj", "{00D9FCAA-E716-46ED-8144-2AF5DC394A25}"
EndProject
Project("{2150E333-8FDC-42A3-9474-1A3956D46DE8}") = "Presentation", "Presentation", "{069FC606-B7DC-4479-938B-83D3A23B552E}"
EndProject
Project("{2150E333-8FDC-42A3-9474-1A3956D46DE8}") = "Infrastructures", "Infrastructures", "{D45E3A30-7D8F-4DE3-A3EE-8C8A82DE6152}"
EndProject
Project("{FAE04EC0-301F-11D3-BF4B-00C04F79EFBC}") = "Infrastructure", "Infrastructure\Infrastructure.csproj", "{FC326FBB-6B9A-4F57-938D-FC0F8CE316DF}"
EndProject
Project("{FAE04EC0-301F-11D3-BF4B-00C04F79EFBC}") = "Persistence", "Persistence\Persistence.csproj", "{31D85B02-6F36-471C-9C5B-F986B6827770}"
EndProject
Project("{FAE04EC0-301F-11D3-BF4B-00C04F79EFBC}") = "WebSite.EndPoint", "WebSite.EndPoint\WebSite.EndPoint.csproj", "{5095E553-99D7-4D09-A5BF-02FFD8485348}"
EndProject
Global
	GlobalSection(SolutionConfigurationPlatforms) = preSolution
		Debug|Any CPU = Debug|Any CPU
		Release|Any CPU = Release|Any CPU
	EndGlobalSection
	GlobalSection(ProjectConfigurationPlatforms) = postSolution
		{D6D4CE14-B9F5-4613-A83C-4FDC89E004E1}.Debug|Any CPU.ActiveCfg = Debug|Any CPU
		{D6D4CE14-B9F5-4613-A83C-4FDC89E004E1}.Debug|Any CPU.Build.0 = Debug|Any CPU
		{D6D4CE14-B9F5-4613-A83C-4FDC89E004E1}.Release|Any CPU.ActiveCfg = Release|Any CPU
		{D6D4CE14-B9F5-4613-A83C-4FDC89E004E1}.Release|Any CPU.Build.0 = Release|Any CPU
		{00D9FCAA-E716-46ED-8144-2AF5DC394A25}.Debug|Any CPU.ActiveCfg = Debug|Any CPU
		{00D9FCAA-E716-46ED-8144-2AF5DC394A25}.Debug|Any CPU.Build.0 = Debug|Any CPU
		{00D9FCAA-E716-46ED-8144-2AF5DC394A25}.Release|Any CPU.ActiveCfg = Release|Any CPU
		{00D9FCAA-E716-46ED-8144-2AF5DC394A25}.Release|Any CPU.Build.0 = Release|Any CPU
		{FC326FBB-6B9A-4F57-938D-FC0F8CE316DF}.Debug|Any CPU.ActiveCfg = Debug|Any CPU
		{FC326FBB-6B9A-4F57-938D-FC0F8CE316DF}.Debug|Any CPU.Build.0 = Debug|Any CPU
		{FC326FBB-6B9A-4F57-938D-FC0F8CE316DF}.Release|Any CPU.ActiveCfg = Release|Any CPU
		{FC326FBB-6B9A-4F57-938D-FC0F8CE316DF}.Release|Any CPU.Build.0 = Release|Any CPU
		{31D85B02-6F36-471C-9C5B-F986B6827770}.Debug|Any CPU.ActiveCfg = Debug|Any CPU
		{31D85B02-6F36-471C-9C5B-F986B6827770}.Debug|Any CPU.Build.0 = Debug|Any CPU
		{31D85B02-6F36-471C-9C5B-F986B6827770}.Release|Any CPU.ActiveCfg = Release|Any CPU
		{31D85B02-6F36-471C-9C5B-F986B6827770}.Release|Any CPU.Build.0 = Release|Any CPU
		{5095E553-99D7-4D09-A5BF-02FFD8485348}.Debug|Any CPU.ActiveCfg = Debug|Any CPU
		{5095E553-99D7-4D09-A5BF-02FFD8485348}.Debug|Any CPU.Build.0 = Debug|Any CPU
		{5095E553-99D7-4D09-A5BF-02FFD8485348}.Release|Any CPU.ActiveCfg = Release|Any CPU
		{5095E553-99D7-4D09-A5BF-02FFD8485348}.Release|Any CPU.Build.0 = Release|Any CPU
	EndGlobalSection
	GlobalSection(SolutionProperties) = preSolution
		HideSolutionNode = FALSE
	EndGlobalSection
	GlobalSection(NestedProjects) = preSolution
		{CE433F85-191B-46E8-A325-4D1C7F1FB21C} = {02EA681E-C7D8-13C7-8484-4AC65E1B71E8}
		{D6D4CE14-B9F5-4613-A83C-4FDC89E004E1} = {CE433F85-191B-46E8-A325-4D1C7F1FB21C}
		{00D9FCAA-E716-46ED-8144-2AF5DC394A25} = {CE433F85-191B-46E8-A325-4D1C7F1FB21C}
		{069FC606-B7DC-4479-938B-83D3A23B552E} = {CE433F85-191B-46E8-A325-4D1C7F1FB21C}
		{D45E3A30-7D8F-4DE3-A3EE-8C8A82DE6152} = {CE433F85-191B-46E8-A325-4D1C7F1FB21C}
		{FC326FBB-6B9A-4F57-938D-FC0F8CE316DF} = {D45E3A30-7D8F-4DE3-A3EE-8C8A82DE6152}
		{31D85B02-6F36-471C-9C5B-F986B6827770} = {D45E3A30-7D8F-4DE3-A3EE-8C8A82DE6152}
		{5095E553-99D7-4D09-A5BF-02FFD8485348} = {069FC606-B7DC-4479-938B-83D3A23B552E}
	EndGlobalSection
	GlobalSection(ExtensibilityGlobals) = postSolution
		SolutionGuid = {5ACEE7F4-E134-4050-830E-6E4874848AEF}
	EndGlobalSection
EndGlobal
